// !$*UTF8*$!
{
	archiveVersion = 1;
	classes = {
	};
	objectVersion = 46;
	objects = {

/* Begin PBXBuildFile section */
		03E03DA21A791DDC00CFFFC6 /* AppDelegate.swift in Sources */ = {isa = PBXBuildFile; fileRef = 03E03DA11A791DDC00CFFFC6 /* AppDelegate.swift */; };
		03E03DA41A791DDC00CFFFC6 /* ViewController.swift in Sources */ = {isa = PBXBuildFile; fileRef = 03E03DA31A791DDC00CFFFC6 /* ViewController.swift */; };
		03E03DA71A791DDC00CFFFC6 /* Main.storyboard in Resources */ = {isa = PBXBuildFile; fileRef = 03E03DA51A791DDC00CFFFC6 /* Main.storyboard */; };
		03E03DA91A791DDC00CFFFC6 /* Images.xcassets in Resources */ = {isa = PBXBuildFile; fileRef = 03E03DA81A791DDC00CFFFC6 /* Images.xcassets */; };
		03E03DAC1A791DDC00CFFFC6 /* LaunchScreen.xib in Resources */ = {isa = PBXBuildFile; fileRef = 03E03DAA1A791DDC00CFFFC6 /* LaunchScreen.xib */; };
		03E03DB81A791DDC00CFFFC6 /* repositoryTestTests.swift in Sources */ = {isa = PBXBuildFile; fileRef = 03E03DB71A791DDC00CFFFC6 /* repositoryTestTests.swift */; };
		03E03DC21A7922D400CFFFC6 /* testViewController.swift in Sources */ = {isa = PBXBuildFile; fileRef = 03E03DC11A7922D400CFFFC6 /* testViewController.swift */; };
/* End PBXBuildFile section */

/* Begin PBXContainerItemProxy section */
		03E03DB21A791DDC00CFFFC6 /* PBXContainerItemProxy */ = {
			isa = PBXContainerItemProxy;
			containerPortal = 03E03D941A791DDC00CFFFC6 /* Project object */;
			proxyType = 1;
			remoteGlobalIDString = 03E03D9B1A791DDC00CFFFC6;
			remoteInfo = repositoryTest;
		};
/* End PBXContainerItemProxy section */

/* Begin PBXFileReference section */
		03E03D9C1A791DDC00CFFFC6 /* repositoryTest.app */ = {isa = PBXFileReference; explicitFileType = wrapper.application; includeInIndex = 0; path = repositoryTest.app; sourceTree = BUILT_PRODUCTS_DIR; };
		03E03DA01A791DDC00CFFFC6 /* Info.plist */ = {isa = PBXFileReference; lastKnownFileType = text.plist.xml; path = Info.plist; sourceTree = "<group>"; };
		03E03DA11A791DDC00CFFFC6 /* AppDelegate.swift */ = {isa = PBXFileReference; lastKnownFileType = sourcecode.swift; path = AppDelegate.swift; sourceTree = "<group>"; };
		03E03DA31A791DDC00CFFFC6 /* ViewController.swift */ = {isa = PBXFileReference; lastKnownFileType = sourcecode.swift; path = ViewController.swift; sourceTree = "<group>"; };
		03E03DA61A791DDC00CFFFC6 /* Base */ = {isa = PBXFileReference; lastKnownFileType = file.storyboard; name = Base; path = Base.lproj/Main.storyboard; sourceTree = "<group>"; };
		03E03DA81A791DDC00CFFFC6 /* Images.xcassets */ = {isa = PBXFileReference; lastKnownFileType = folder.assetcatalog; path = Images.xcassets; sourceTree = "<group>"; };
		03E03DAB1A791DDC00CFFFC6 /* Base */ = {isa = PBXFileReference; lastKnownFileType = file.xib; name = Base; path = Base.lproj/LaunchScreen.xib; sourceTree = "<group>"; };
		03E03DB11A791DDC00CFFFC6 /* repositoryTestTests.xctest */ = {isa = PBXFileReference; explicitFileType = wrapper.cfbundle; includeInIndex = 0; path = repositoryTestTests.xctest; sourceTree = BUILT_PRODUCTS_DIR; };
		03E03DB61A791DDC00CFFFC6 /* Info.plist */ = {isa = PBXFileReference; lastKnownFileType = text.plist.xml; path = Info.plist; sourceTree = "<group>"; };
		03E03DB71A791DDC00CFFFC6 /* repositoryTestTests.swift */ = {isa = PBXFileReference; lastKnownFileType = sourcecode.swift; path = repositoryTestTests.swift; sourceTree = "<group>"; };
		03E03DC11A7922D400CFFFC6 /* testViewController.swift */ = {isa = PBXFileReference; fileEncoding = 4; lastKnownFileType = sourcecode.swift; path = testViewController.swift; sourceTree = "<group>"; };
/* End PBXFileReference section */

/* Begin PBXFrameworksBuildPhase section */
		03E03D991A791DDC00CFFFC6 /* Frameworks */ = {
			isa = PBXFrameworksBuildPhase;
			buildActionMask = 2147483647;
			files = (
			);
			runOnlyForDeploymentPostprocessing = 0;
		};
		03E03DAE1A791DDC00CFFFC6 /* Frameworks */ = {
			isa = PBXFrameworksBuildPhase;
			buildActionMask = 2147483647;
			files = (
			);
			runOnlyForDeploymentPostprocessing = 0;
		};
/* End PBXFrameworksBuildPhase section */

/* Begin PBXGroup section */
		03E03D931A791DDC00CFFFC6 = {
			isa = PBXGroup;
			children = (
				03E03D9E1A791DDC00CFFFC6 /* repositoryTest */,
				03E03DB41A791DDC00CFFFC6 /* repositoryTestTests */,
				03E03D9D1A791DDC00CFFFC6 /* Products */,
			);
			sourceTree = "<group>";
		};
		03E03D9D1A791DDC00CFFFC6 /* Products */ = {
			isa = PBXGroup;
			children = (
				03E03D9C1A791DDC00CFFFC6 /* repositoryTest.app */,
				03E03DB11A791DDC00CFFFC6 /* repositoryTestTests.xctest */,
			);
			name = Products;
			sourceTree = "<group>";
		};
		03E03D9E1A791DDC00CFFFC6 /* repositoryTest */ = {
			isa = PBXGroup;
			children = (
				03E03DA11A791DDC00CFFFC6 /* AppDelegate.swift */,
				03E03DA31A791DDC00CFFFC6 /* ViewController.swift */,
				03E03DA51A791DDC00CFFFC6 /* Main.storyboard */,
				03E03DC11A7922D400CFFFC6 /* testViewController.swift */,
				03E03DA81A791DDC00CFFFC6 /* Images.xcassets */,
				03E03DAA1A791DDC00CFFFC6 /* LaunchScreen.xib */,
				03E03D9F1A791DDC00CFFFC6 /* Supporting Files */,
			);
			path = repositoryTest;
			sourceTree = "<group>";
		};
		03E03D9F1A791DDC00CFFFC6 /* Supporting Files */ = {
			isa = PBXGroup;
			children = (
				03E03DA01A791DDC00CFFFC6 /* Info.plist */,
			);
			name = "Supporting Files";
			sourceTree = "<group>";
		};
		03E03DB41A791DDC00CFFFC6 /* repositoryTestTests */ = {
			isa = PBXGroup;
			children = (
				03E03DB71A791DDC00CFFFC6 /* repositoryTestTests.swift */,
				03E03DB51A791DDC00CFFFC6 /* Supporting Files */,
			);
			path = repositoryTestTests;
			sourceTree = "<group>";
		};
		03E03DB51A791DDC00CFFFC6 /* Supporting Files */ = {
			isa = PBXGroup;
			children = (
				03E03DB61A791DDC00CFFFC6 /* Info.plist */,
			);
			name = "Supporting Files";
			sourceTree = "<group>";
		};
/* End PBXGroup section */

/* Begin PBXNativeTarget section */
		03E03D9B1A791DDC00CFFFC6 /* repositoryTest */ = {
			isa = PBXNativeTarget;
			buildConfigurationList = 03E03DBB1A791DDC00CFFFC6 /* Build configuration list for PBXNativeTarget "repositoryTest" */;
			buildPhases = (
				03E03D981A791DDC00CFFFC6 /* Sources */,
				03E03D991A791DDC00CFFFC6 /* Frameworks */,
				03E03D9A1A791DDC00CFFFC6 /* Resources */,
			);
			buildRules = (
			);
			dependencies = (
			);
			name = repositoryTest;
			productName = repositoryTest;
			productReference = 03E03D9C1A791DDC00CFFFC6 /* repositoryTest.app */;
			productType = "com.apple.product-type.application";
		};
		03E03DB01A791DDC00CFFFC6 /* repositoryTestTests */ = {
			isa = PBXNativeTarget;
			buildConfigurationList = 03E03DBE1A791DDC00CFFFC6 /* Build configuration list for PBXNativeTarget "repositoryTestTests" */;
			buildPhases = (
				03E03DAD1A791DDC00CFFFC6 /* Sources */,
				03E03DAE1A791DDC00CFFFC6 /* Frameworks */,
				03E03DAF1A791DDC00CFFFC6 /* Resources */,
			);
			buildRules = (
			);
			dependencies = (
				03E03DB31A791DDC00CFFFC6 /* PBXTargetDependency */,
			);
			name = repositoryTestTests;
			productName = repositoryTestTests;
			productReference = 03E03DB11A791DDC00CFFFC6 /* repositoryTestTests.xctest */;
			productType = "com.apple.product-type.bundle.unit-test";
		};
/* End PBXNativeTarget section */

/* Begin PBXProject section */
		03E03D941A791DDC00CFFFC6 /* Project object */ = {
			isa = PBXProject;
			attributes = {
				LastUpgradeCheck = 0610;
				ORGANIZATIONNAME = gonKenny;
				TargetAttributes = {
					03E03D9B1A791DDC00CFFFC6 = {
						CreatedOnToolsVersion = 6.1.1;
					};
					03E03DB01A791DDC00CFFFC6 = {
						CreatedOnToolsVersion = 6.1.1;
						TestTargetID = 03E03D9B1A791DDC00CFFFC6;
					};
				};
			};
			buildConfigurationList = 03E03D971A791DDC00CFFFC6 /* Build configuration list for PBXProject "repositoryTest" */;
			compatibilityVersion = "Xcode 3.2";
			developmentRegion = English;
			hasScannedForEncodings = 0;
			knownRegions = (
				en,
				Base,
			);
			mainGroup = 03E03D931A791DDC00CFFFC6;
			productRefGroup = 03E03D9D1A791DDC00CFFFC6 /* Products */;
			projectDirPath = "";
			projectRoot = "";
			targets = (
				03E03D9B1A791DDC00CFFFC6 /* repositoryTest */,
				03E03DB01A791DDC00CFFFC6 /* repositoryTestTests */,
			);
		};
/* End PBXProject section */

/* Begin PBXResourcesBuildPhase section */
		03E03D9A1A791DDC00CFFFC6 /* Resources */ = {
			isa = PBXResourcesBuildPhase;
			buildActionMask = 2147483647;
			files = (
				03E03DA71A791DDC00CFFFC6 /* Main.storyboard in Resources */,
				03E03DAC1A791DDC00CFFFC6 /* LaunchScreen.xib in Resources */,
				03E03DA91A791DDC00CFFFC6 /* Images.xcassets in Resources */,
			);
			runOnlyForDeploymentPostprocessing = 0;
		};
		03E03DAF1A791DDC00CFFFC6 /* Resources */ = {
			isa = PBXResourcesBuildPhase;
			buildActionMask = 2147483647;
			files = (
			);
			runOnlyForDeploymentPostprocessing = 0;
		};
/* End PBXResourcesBuildPhase section */

/* Begin PBXSourcesBuildPhase section */
		03E03D981A791DDC00CFFFC6 /* Sources */ = {
			isa = PBXSourcesBuildPhase;
			buildActionMask = 2147483647;
			files = (
				03E03DC21A7922D400CFFFC6 /* testViewController.swift in Sources */,
				03E03DA41A791DDC00CFFFC6 /* ViewController.swift in Sources */,
				03E03DA21A791DDC00CFFFC6 /* AppDelegate.swift in Sources */,
			);
			runOnlyForDeploymentPostprocessing = 0;
		};
		03E03DAD1A791DDC00CFFFC6 /* Sources */ = {
			isa = PBXSourcesBuildPhase;
			buildActionMask = 2147483647;
			files = (
				03E03DB81A791DDC00CFFFC6 /* repositoryTestTests.swift in Sources */,
			);
			runOnlyForDeploymentPostprocessing = 0;
		};
/* End PBXSourcesBuildPhase section */

/* Begin PBXTargetDependency section */
		03E03DB31A791DDC00CFFFC6 /* PBXTargetDependency */ = {
			isa = PBXTargetDependency;
			target = 03E03D9B1A791DDC00CFFFC6 /* repositoryTest */;
			targetProxy = 03E03DB21A791DDC00CFFFC6 /* PBXContainerItemProxy */;
		};
/* End PBXTargetDependency section */

/* Begin PBXVariantGroup section */
		03E03DA51A791DDC00CFFFC6 /* Main.storyboard */ = {
			isa = PBXVariantGroup;
			children = (
				03E03DA61A791DDC00CFFFC6 /* Base */,
			);
			name = Main.storyboard;
			sourceTree = "<group>";
		};
		03E03DAA1A791DDC00CFFFC6 /* LaunchScreen.xib */ = {
			isa = PBXVariantGroup;
			children = (
				03E03DAB1A791DDC00CFFFC6 /* Base */,
			);
			name = LaunchScreen.xib;
			sourceTree = "<group>";
		};
/* End PBXVariantGroup section */

/* Begin XCBuildConfiguration section */
		03E03DB91A791DDC00CFFFC6 /* Debug */ = {
			isa = XCBuildConfiguration;
			buildSettings = {
				ALWAYS_SEARCH_USER_PATHS = NO;
				CLANG_CXX_LANGUAGE_STANDARD = "gnu++0x";
				CLANG_CXX_LIBRARY = "libc++";
				CLANG_ENABLE_MODULES = YES;
				CLANG_ENABLE_OBJC_ARC = YES;
				CLANG_WARN_BOOL_CONVERSION = YES;
				CLANG_WARN_CONSTANT_CONVERSION = YES;
				CLANG_WARN_DIRECT_OBJC_ISA_USAGE = YES_ERROR;
				CLANG_WARN_EMPTY_BODY = YES;
				CLANG_WARN_ENUM_CONVERSION = YES;
				CLANG_WARN_INT_CONVERSION = YES;
				CLANG_WARN_OBJC_ROOT_CLASS = YES_ERROR;
				CLANG_WARN_UNREACHABLE_CODE = YES;
				CLANG_WARN__DUPLICATE_METHOD_MATCH = YES;
				"CODE_SIGN_IDENTITY[sdk=iphoneos*]" = "iPhone Developer";
				COPY_PHASE_STRIP = NO;
				ENABLE_STRICT_OBJC_MSGSEND = YES;
				GCC_C_LANGUAGE_STANDARD = gnu99;
				GCC_DYNAMIC_NO_PIC = NO;
				GCC_OPTIMIZATION_LEVEL = 0;
				GCC_PREPROCESSOR_DEFINITIONS = (
					"DEBUG=1",
					"$(inherited)",
				);
				GCC_SYMBOLS_PRIVATE_EXTERN = NO;
				GCC_WARN_64_TO_32_BIT_CONVERSION = YES;
				GCC_WARN_ABOUT_RETURN_TYPE = YES_ERROR;
				GCC_WARN_UNDECLARED_SELECTOR = YES;
				GCC_WARN_UNINITIALIZED_AUTOS = YES_AGGRESSIVE;
				GCC_WARN_UNUSED_FUNCTION = YES;
				GCC_WARN_UNUSED_VARIABLE = YES;
				IPHONEOS_DEPLOYMENT_TARGET = 8.1;
				MTL_ENABLE_DEBUG_INFO = YES;
				ONLY_ACTIVE_ARCH = YES;
				SDKROOT = iphoneos;
				SWIFT_OPTIMIZATION_LEVEL = "-Onone";
				TARGETED_DEVICE_FAMILY = "1,2";
			};
			name = Debug;
		};
		03E03DBA1A791DDC00CFFFC6 /* Release */ = {
			isa = XCBuildConfiguration;
			buildSettings = {
				ALWAYS_SEARCH_USER_PATHS = NO;
				CLANG_CXX_LANGUAGE_STANDARD = "gnu++0x";
				CLANG_CXX_LIBRARY = "libc++";
				CLANG_ENABLE_MODULES = YES;
				CLANG_ENABLE_OBJC_ARC = YES;
				CLANG_WARN_BOOL_CONVERSION = YES;
				CLANG_WARN_CONSTANT_CONVERSION = YES;
				CLANG_WARN_DIRECT_OBJC_ISA_USAGE = YES_ERROR;
				CLANG_WARN_EMPTY_BODY = YES;
				CLANG_WARN_ENUM_CONVERSION = YES;
				CLANG_WARN_INT_CONVERSION = YES;
				CLANG_WARN_OBJC_ROOT_CLASS = YES_ERROR;
				CLANG_WARN_UNREACHABLE_CODE = YES;
				CLANG_WARN__DUPLICATE_METHOD_MATCH = YES;
				"CODE_SIGN_IDENTITY[sdk=iphoneos*]" = "iPhone Developer";
				COPY_PHASE_STRIP = YES;
				ENABLE_NS_ASSERTIONS = NO;
				ENABLE_STRICT_OBJC_MSGSEND = YES;
				GCC_C_LANGUAGE_STANDARD = gnu99;
				GCC_WARN_64_TO_32_BIT_CONVERSION = YES;
				GCC_WARN_ABOUT_RETURN_TYPE = YES_ERROR;
				GCC_WARN_UNDECLARED_SELECTOR = YES;
				GCC_WARN_UNINITIALIZED_AUTOS = YES_AGGRESSIVE;
				GCC_WARN_UNUSED_FUNCTION = YES;
				GCC_WARN_UNUSED_VARIABLE = YES;
				IPHONEOS_DEPLOYMENT_TARGET = 8.1;
				MTL_ENABLE_DEBUG_INFO = NO;
				SDKROOT = iphoneos;
				TARGETED_DEVICE_FAMILY = "1,2";
				VALIDATE_PRODUCT = YES;
			};
			name = Release;
		};
		03E03DBC1A791DDC00CFFFC6 /* Debug */ = {
			isa = XCBuildConfiguration;
			buildSettings = {
				ASSETCATALOG_COMPILER_APPICON_NAME = AppIcon;
				INFOPLIST_FILE = repositoryTest/Info.plist;
				LD_RUNPATH_SEARCH_PATHS = "$(inherited) @executable_path/Frameworks";
				PRODUCT_NAME = "$(TARGET_NAME)";
			};
			name = Debug;
		};
		03E03DBD1A791DDC00CFFFC6 /* Release */ = {
			isa = XCBuildConfiguration;
			buildSettings = {
				ASSETCATALOG_COMPILER_APPICON_NAME = AppIcon;
				INFOPLIST_FILE = repositoryTest/Info.plist;
				LD_RUNPATH_SEARCH_PATHS = "$(inherited) @executable_path/Frameworks";
				PRODUCT_NAME = "$(TARGET_NAME)";
			};
			name = Release;
		};
		03E03DBF1A791DDC00CFFFC6 /* Debug */ = {
			isa = XCBuildConfiguration;
			buildSettings = {
				BUNDLE_LOADER = "$(TEST_HOST)";
				FRAMEWORK_SEARCH_PATHS = (
					"$(SDKROOT)/Developer/Library/Frameworks",
					"$(inherited)",
				);
				GCC_PREPROCESSOR_DEFINITIONS = (
					"DEBUG=1",
					"$(inherited)",
				);
				INFOPLIST_FILE = repositoryTestTests/Info.plist;
				LD_RUNPATH_SEARCH_PATHS = "$(inherited) @executable_path/Frameworks @loader_path/Frameworks";
				PRODUCT_NAME = "$(TARGET_NAME)";
				TEST_HOST = "$(BUILT_PRODUCTS_DIR)/repositoryTest.app/repositoryTest";
			};
			name = Debug;
		};
		03E03DC01A791DDC00CFFFC6 /* Release */ = {
			isa = XCBuildConfiguration;
			buildSettings = {
				BUNDLE_LOADER = "$(TEST_HOST)";
				FRAMEWORK_SEARCH_PATHS = (
					"$(SDKROOT)/Developer/Library/Frameworks",
					"$(inherited)",
				);
				INFOPLIST_FILE = repositoryTestTests/Info.plist;
				LD_RUNPATH_SEARCH_PATHS = "$(inherited) @executable_path/Frameworks @loader_path/Frameworks";
				PRODUCT_NAME = "$(TARGET_NAME)";
				TEST_HOST = "$(BUILT_PRODUCTS_DIR)/repositoryTest.app/repositoryTest";
			};
			name = Release;
		};
/* End XCBuildConfiguration section */

/* Begin XCConfigurationList section */
		03E03D971A791DDC00CFFFC6 /* Build configuration list for PBXProject "repositoryTest" */ = {
			isa = XCConfigurationList;
			buildConfigurations = (
				03E03DB91A791DDC00CFFFC6 /* Debug */,
				03E03DBA1A791DDC00CFFFC6 /* Release */,
			);
			defaultConfigurationIsVisible = 0;
			defaultConfigurationName = Release;
		};
		03E03DBB1A791DDC00CFFFC6 /* Build configuration list for PBXNativeTarget "repositoryTest" */ = {
			isa = XCConfigurationList;
			buildConfigurations = (
				03E03DBC1A791DDC00CFFFC6 /* Debug */,
				03E03DBD1A791DDC00CFFFC6 /* Release */,
			);
			defaultConfigurationIsVisible = 0;
		};
		03E03DBE1A791DDC00CFFFC6 /* Build configuration list for PBXNativeTarget "repositoryTestTests" */ = {
			isa = XCConfigurationList;
			buildConfigurations = (
				03E03DBF1A791DDC00CFFFC6 /* Debug */,
				03E03DC01A791DDC00CFFFC6 /* Release */,
			);
			defaultConfigurationIsVisible = 0;
		};
/* End XCConfigurationList section */
	};
	rootObject = 03E03D941A791DDC00CFFFC6 /* Project object */;
}
